
Microsoft Visual Studio Solution File, Format Version 12.00
# Visual Studio Version 16
VisualStudioVersion = 25.0.1703.0
MinimumVisualStudioVersion = 10.0.40219.1
Project("{FAE04EC0-301F-11D3-BF4B-00C04F79EFBC}") = "Dapper-NET-6", "src\Dapper-NET-6\Dapper-NET-6.csproj", "{9B62151C-1848-4814-8A68-27F5E6868130}"
EndProject
Global
	GlobalSection(SolutionConfigurationPlatforms) = preSolution
		Debug|Any CPU = Debug|Any CPU
		Release|Any CPU = Release|Any CPU
	EndGlobalSection
	GlobalSection(ProjectConfigurationPlatforms) = postSolution
		{9B62151C-1848-4814-8A68-27F5E6868130}.Debug|Any CPU.ActiveCfg = Debug|Any CPU
		{9B62151C-1848-4814-8A68-27F5E6868130}.Debug|Any CPU.Build.0 = Debug|Any CPU
		{9B62151C-1848-4814-8A68-27F5E6868130}.Release|Any CPU.ActiveCfg = Release|Any CPU
		{9B62151C-1848-4814-8A68-27F5E6868130}.Release|Any CPU.Build.0 = Release|Any CPU
	EndGlobalSection
	GlobalSection(SolutionProperties) = preSolution
		HideSolutionNode = FALSE
	EndGlobalSection
	GlobalSection(ExtensibilityGlobals) = postSolution
		SolutionGuid = {F7CDA5E5-CCFD-492E-A38F-767D8F985902}
	EndGlobalSection
EndGlobal
